
Microsoft Visual Studio Solution File, Format Version 12.00
# Visual Studio 15
VisualStudioVersion = 15.0.27428.2015
MinimumVisualStudioVersion = 10.0.40219.1
Project("{2150E333-8FDC-42A3-9474-1A3956D46DE8}") = "004 - Préparons notre projet", "004 - Préparons notre projet", "{DF5A0EB6-C6CC-4C6B-B854-737766CA7546}"
EndProject
Project("{2150E333-8FDC-42A3-9474-1A3956D46DE8}") = "001 - Démonstration", "001 - Démonstration", "{B21D8CDC-6D97-47BF-9E1F-18AC75A5A0A1}"
EndProject
Project("{FAE04EC0-301F-11D3-BF4B-00C04F79EFBC}") = "001DecouverteWPF", "001DecouverteWPF\001DecouverteWPF.csproj", "{C0002EA5-EE10-4BA2-81AB-EA6948EA7464}"
EndProject
Project("{2150E333-8FDC-42A3-9474-1A3956D46DE8}") = "005 - Ajout du bouton de lancement", "005 - Ajout du bouton de lancement", "{AA5873F6-BAB9-4D74-9BDE-2877A812787F}"
EndProject
Project("{2150E333-8FDC-42A3-9474-1A3956D46DE8}") = "002 - Mission", "002 - Mission", "{8BED9989-2ADC-485A-B817-5A066FBB40F9}"
EndProject
Project("{FAE04EC0-301F-11D3-BF4B-00C04F79EFBC}") = "PreparationProjet", "PreparationProjet\PreparationProjet.csproj", "{745E84B7-A550-49EC-8162-F56B1756295A}"
EndProject
Project("{2150E333-8FDC-42A3-9474-1A3956D46DE8}") = "003 - Démonstration", "003 - Démonstration", "{8A042D7B-1B25-4C13-BF2D-676088B30421}"
EndProject
Project("{FAE04EC0-301F-11D3-BF4B-00C04F79EFBC}") = "ApercuDesClicks", "ApercuDesClicks\ApercuDesClicks.csproj", "{3A1CF164-BF5C-4654-AEA0-411252856FAC}"
EndProject
Project("{2150E333-8FDC-42A3-9474-1A3956D46DE8}") = "004 - Mission", "004 - Mission", "{0FAE2C1A-0B5A-4C0D-9691-6AB99155E424}"
EndProject
Project("{FAE04EC0-301F-11D3-BF4B-00C04F79EFBC}") = "StackPanelEtClick", "StackPanelEtClick\StackPanelEtClick.csproj", "{7EC28BFF-18D6-47E8-8E8E-95D7D8FCB15F}"
EndProject
Project("{2150E333-8FDC-42A3-9474-1A3956D46DE8}") = "006 - Ajout d'un bouton de simulation de pas", "006 - Ajout d'un bouton de simulation de pas", "{A5A7C278-8BC3-48AC-8139-B6947D4B1A8C}"
EndProject
Project("{2150E333-8FDC-42A3-9474-1A3956D46DE8}") = "005 - Démonstration", "005 - Démonstration", "{C6257CB8-749A-4792-9134-E8B1D63F0670}"
EndProject
Project("{FAE04EC0-301F-11D3-BF4B-00C04F79EFBC}") = "ProjetCarte_005", "ProjetCarte_005\ProjetCarte_005.csproj", "{602ED95F-04A7-4F3F-8201-27F8D9DBABD6}"
EndProject
Project("{FAE04EC0-301F-11D3-BF4B-00C04F79EFBC}") = "ProjetCarte_005-01", "ProjetCarte_005-01\ProjetCarte_005-01.csproj", "{6D4FE0FF-6934-4E85-BFB9-3750E516DF31}"
EndProject
Project("{2150E333-8FDC-42A3-9474-1A3956D46DE8}") = "005-1 - Démonstration", "005-1 - Démonstration", "{B27901DF-2938-4F1F-98A2-13F24885F035}"
EndProject
Project("{2150E333-8FDC-42A3-9474-1A3956D46DE8}") = "005-2 - Démonstration", "005-2 - Démonstration", "{ADB09046-FD7C-4F71-B0B8-193ED1541935}"
EndProject
Project("{FAE04EC0-301F-11D3-BF4B-00C04F79EFBC}") = "ProjetCarte_005-02", "ProjetCarte_005-02\ProjetCarte_005-02.csproj", "{00D95031-EFDD-4F08-8469-5C56D83D409A}"
EndProject
Project("{2150E333-8FDC-42A3-9474-1A3956D46DE8}") = "006 - Démonstration", "006 - Démonstration", "{2B4F215A-1B43-4017-875A-8D28062936DD}"
EndProject
Project("{FAE04EC0-301F-11D3-BF4B-00C04F79EFBC}") = "ProjetCarte_006", "ProjetCarte_006\ProjetCarte_006.csproj", "{D5AD0446-4721-4506-9D2E-000237B79C7A}"
EndProject
Project("{2150E333-8FDC-42A3-9474-1A3956D46DE8}") = "007 - Déplacement aléatoire du bouton", "007 - Déplacement aléatoire du bouton", "{C1A2C310-CCFD-4182-8B89-6F7C88D9B95D}"
EndProject
Project("{2150E333-8FDC-42A3-9474-1A3956D46DE8}") = "007 - Mission", "007 - Mission", "{2E0FAE19-614F-445E-944E-311D13F22396}"
EndProject
Project("{FAE04EC0-301F-11D3-BF4B-00C04F79EFBC}") = "ProjetCarte_007", "ProjetCarte_007\ProjetCarte_007.csproj", "{A4F5155A-6C65-4F49-BA7F-DAD4265BBE61}"
EndProject
Project("{2150E333-8FDC-42A3-9474-1A3956D46DE8}") = "008 - Démonstration", "008 - Démonstration", "{F6C9141F-4709-41CE-B78E-1492A2B36594}"
EndProject
Project("{FAE04EC0-301F-11D3-BF4B-00C04F79EFBC}") = "BindingEntreElements", "BindingEntreElements\BindingEntreElements.csproj", "{3515369C-C805-42F7-A839-75A6F8901D7C}"
EndProject
Project("{2150E333-8FDC-42A3-9474-1A3956D46DE8}") = "009 - Démonstration", "009 - Démonstration", "{95938921-2D1C-44B8-ADBF-11E74A279C3B}"
EndProject
Project("{FAE04EC0-301F-11D3-BF4B-00C04F79EFBC}") = "ExempleDonneesLiees", "ExempleDonneesLiees\ExempleDonneesLiees.csproj", "{3379D600-666C-4169-85E4-B62982582B53}"
EndProject
Project("{2150E333-8FDC-42A3-9474-1A3956D46DE8}") = "Tips", "Tips", "{51CE3210-6E01-4C86-B17F-0A08183BC4FE}"
EndProject
Project("{FAE04EC0-301F-11D3-BF4B-00C04F79EFBC}") = "ListOfTemplates", "ListOfTemplates\ListOfTemplates.csproj", "{6EF75471-464C-4FEC-A45E-B0AC0B304665}"
EndProject
Project("{FAE04EC0-301F-11D3-BF4B-00C04F79EFBC}") = "ExempleDonneesLiees2", "ExempleDonneesLiees2\ExempleDonneesLiees2.csproj", "{1AA95A1C-5955-4A73-AAF3-C4E7BE5F5EE6}"
EndProject
Project("{2150E333-8FDC-42A3-9474-1A3956D46DE8}") = "100 - Boss - 001", "100 - Boss - 001", "{A70BEBDE-9A35-495B-B04E-FEE5B3FDFF7D}"
EndProject
Project("{FAE04EC0-301F-11D3-BF4B-00C04F79EFBC}") = "Boss001", "Boss001\Boss001.csproj", "{536445FC-5D14-4BCD-96DC-68A160ED2F3B}"
EndProject
Project("{2150E333-8FDC-42A3-9474-1A3956D46DE8}") = "010 - Démonstration", "010 - Démonstration", "{96FF3818-82DD-48E7-9E72-1EFC2F695A1E}"
EndProject
Project("{FAE04EC0-301F-11D3-BF4B-00C04F79EFBC}") = "DemoBackgroundWorker", "DemoBackgroundWorker\DemoBackgroundWorker.csproj", "{273CB926-996D-46EC-8A26-24A4171BAA2F}"
EndProject
Project("{2150E333-8FDC-42A3-9474-1A3956D46DE8}") = "008 - Plusieurs droîdes sur la carte", "008 - Plusieurs droîdes sur la carte", "{E6A7ADB2-1570-4657-9F2A-7D44FFAA53B8}"
EndProject
Project("{FAE04EC0-301F-11D3-BF4B-00C04F79EFBC}") = "ControlsTree", "ControlsTree\ControlsTree.csproj", "{86FE3969-6C1B-412A-A767-7A01DE160315}"
EndProject
Project("{2150E333-8FDC-42A3-9474-1A3956D46DE8}") = "011 - Démonstration", "011 - Démonstration", "{E18BF234-4813-4A7B-9685-796773CE9ED8}"
EndProject
Project("{FAE04EC0-301F-11D3-BF4B-00C04F79EFBC}") = "MVVM_Manuel", "MVVM_Manuel\MVVM_Manuel.csproj", "{F15F74CD-5972-4FE0-B2A1-E125D6BD3582}"
EndProject
Project("{2150E333-8FDC-42A3-9474-1A3956D46DE8}") = "012 - Démonstration", "012 - Démonstration", "{513DBA7C-FE0F-4B76-8B4D-1B1CD5AA3CEC}"
EndProject
Project("{FAE04EC0-301F-11D3-BF4B-00C04F79EFBC}") = "Collections", "Collections\Collections.csproj", "{4FA156B1-B75D-481A-9A27-8A646783626E}"
EndProject
Project("{2150E333-8FDC-42A3-9474-1A3956D46DE8}") = "013 - Démonstration", "013 - Démonstration", "{9118D9E0-903D-4C37-8BDD-E42825E2FC17}"
EndProject
Project("{FAE04EC0-301F-11D3-BF4B-00C04F79EFBC}") = "Collections2", "Collections2\Collections2.csproj", "{863F7AB0-9672-4A80-8AF9-DF9BDD0223A3}"
EndProject
Project("{FAE04EC0-301F-11D3-BF4B-00C04F79EFBC}") = "DataTemplates", "DataTemplates\DataTemplates.csproj", "{80D007F7-C81B-405D-81EC-E06B324BC7E2}"
EndProject
Project("{FAE04EC0-301F-11D3-BF4B-00C04F79EFBC}") = "DataTemplates2", "DataTemplates2\DataTemplates2.csproj", "{D6FD2B6F-31D2-48D1-85EF-F84B6F652DD8}"
EndProject
Project("{FAE04EC0-301F-11D3-BF4B-00C04F79EFBC}") = "DataTemplates3", "DataTemplates3\DataTemplates3.csproj", "{BEA10FC4-1DC6-439E-84B3-DA9183997CC6}"
EndProject
Project("{FAE04EC0-301F-11D3-BF4B-00C04F79EFBC}") = "DataTemplates4", "DataTemplates4\DataTemplates4.csproj", "{ADA644A3-415D-49D7-A013-77C06FB161FF}"
EndProject
Project("{2150E333-8FDC-42A3-9474-1A3956D46DE8}") = "014 - Mission", "014 - Mission", "{3C3BFA72-3293-4491-B8E0-DDC1F9FED251}"
EndProject
Project("{FAE04EC0-301F-11D3-BF4B-00C04F79EFBC}") = "Mission14", "Mission14\Mission14.csproj", "{3C6E0505-3B93-49FD-87EE-0D72183F4DBA}"
EndProject
Project("{2150E333-8FDC-42A3-9474-1A3956D46DE8}") = "009 - Gérer le nombre de droïdes", "009 - Gérer le nombre de droïdes", "{122196F7-B99F-44C2-9AD2-135616E44680}"
EndProject
Project("{2150E333-8FDC-42A3-9474-1A3956D46DE8}") = "200 - Boss - 002", "200 - Boss - 002", "{A5C9931A-0452-4E8E-9678-0258F0E50480}"
EndProject
Project("{FAE04EC0-301F-11D3-BF4B-00C04F79EFBC}") = "Boss002", "Boss002\Boss002.csproj", "{8873A779-1E6C-4434-8CA5-913BB551DCFB}"
EndProject
Project("{2150E333-8FDC-42A3-9474-1A3956D46DE8}") = "015 - Démonstration", "015 - Démonstration", "{2ED3F0A4-91FF-45B4-B4FE-A8EB645981B3}"
EndProject
Project("{FAE04EC0-301F-11D3-BF4B-00C04F79EFBC}") = "Converters", "Converters\Converters.csproj", "{5C063ED4-C177-49E1-8B7C-AF7CAC262B36}"
EndProject
Project("{2150E333-8FDC-42A3-9474-1A3956D46DE8}") = "016 - Validation des champs", "016 - Validation des champs", "{BCC26C98-B5EA-4D2A-8823-563E2BBD5A1B}"
EndProject
Project("{FAE04EC0-301F-11D3-BF4B-00C04F79EFBC}") = "ValidationChamps", "ValidationChamps\ValidationChamps.csproj", "{81C7F66B-80AF-462A-9C08-BBA984B5DF18}"
EndProject
Project("{FAE04EC0-301F-11D3-BF4B-00C04F79EFBC}") = "ValidationChamps2", "ValidationChamps2\ValidationChamps2.csproj", "{20D09F05-AF81-4E42-871B-C78AE5450356}"
EndProject
Project("{FAE04EC0-301F-11D3-BF4B-00C04F79EFBC}") = "ValidationChamps3", "ValidationChamps3\ValidationChamps3.csproj", "{1887CA97-56AD-48AC-B7C3-EBB2368DE149}"
EndProject
Project("{FAE04EC0-301F-11D3-BF4B-00C04F79EFBC}") = "ValidationChamps4", "ValidationChamps4\ValidationChamps4.csproj", "{D17E76B1-3DE0-46ED-8C5B-B887FB36896C}"
EndProject
Project("{2150E333-8FDC-42A3-9474-1A3956D46DE8}") = "017 - Mission", "017 - Mission", "{38CBE60F-AB03-4F0D-B30D-9ACEE3E16371}"
EndProject
Project("{FAE04EC0-301F-11D3-BF4B-00C04F79EFBC}") = "Mission17", "Mission17\Mission17.csproj", "{23357580-D657-44A5-AE25-C385EAA2AFCB}"
EndProject
Project("{2150E333-8FDC-42A3-9474-1A3956D46DE8}") = "018 - Démonstration", "018 - Démonstration", "{D80EADFA-EF47-42FB-A534-2062ACB50C87}"
EndProject
Project("{FAE04EC0-301F-11D3-BF4B-00C04F79EFBC}") = "UserControls", "UserControls\UserControls.csproj", "{B25178D8-775E-4B80-9B88-A76347429B83}"
EndProject
Project("{2150E333-8FDC-42A3-9474-1A3956D46DE8}") = "010 - Publier son travail", "010 - Publier son travail", "{006CEE02-F3F0-4D88-B67C-CFA4E06A42FF}"
EndProject
Project("{2150E333-8FDC-42A3-9474-1A3956D46DE8}") = "018 - Démonstration", "018 - Démonstration", "{1890F332-1898-469A-8661-725F00ECED9A}"
EndProject
Project("{FAE04EC0-301F-11D3-BF4B-00C04F79EFBC}") = "TestPublication", "TestPublication\TestPublication.csproj", "{2349A031-FF35-4AC5-B2DD-96F24233591B}"
EndProject
Project("{FAE04EC0-301F-11D3-BF4B-00C04F79EFBC}") = "AnimationButton", "AnimationButton\AnimationButton.csproj", "{B8C683F7-210A-4CAD-A020-46B8399BC938}"
EndProject
Project("{2150E333-8FDC-42A3-9474-1A3956D46DE8}") = "ControlTemplate", "ControlTemplate", "{0F59B683-22F3-464F-984A-B81B0AC5CCD7}"
EndProject
Project("{FAE04EC0-301F-11D3-BF4B-00C04F79EFBC}") = "ControlTemplateContentTemplate", "ControlTemplateContentTemplate\ControlTemplateContentTemplate.csproj", "{B9D0E331-9352-4406-9314-741BAC72C769}"
EndProject
Project("{FAE04EC0-301F-11D3-BF4B-00C04F79EFBC}") = "EcrireEnCode", "EcrireEnCode\EcrireEnCode.csproj", "{7DC141A9-67AF-483B-8EFB-577CA4016212}"
EndProject
Project("{FAE04EC0-301F-11D3-BF4B-00C04F79EFBC}") = "DockPanelStackPanelDiffrence", "DockPanelStackPanelDiffrence\DockPanelStackPanelDiffrence.csproj", "{4AD2EEC2-1C6A-44A2-9BBA-D8B5B3157F98}"
EndProject
Global
	GlobalSection(SolutionConfigurationPlatforms) = preSolution
		Debug|Any CPU = Debug|Any CPU
		Release|Any CPU = Release|Any CPU
	EndGlobalSection
	GlobalSection(ProjectConfigurationPlatforms) = postSolution
		{C0002EA5-EE10-4BA2-81AB-EA6948EA7464}.Debug|Any CPU.ActiveCfg = Debug|Any CPU
		{C0002EA5-EE10-4BA2-81AB-EA6948EA7464}.Debug|Any CPU.Build.0 = Debug|Any CPU
		{C0002EA5-EE10-4BA2-81AB-EA6948EA7464}.Release|Any CPU.ActiveCfg = Release|Any CPU
		{C0002EA5-EE10-4BA2-81AB-EA6948EA7464}.Release|Any CPU.Build.0 = Release|Any CPU
		{745E84B7-A550-49EC-8162-F56B1756295A}.Debug|Any CPU.ActiveCfg = Debug|Any CPU
		{745E84B7-A550-49EC-8162-F56B1756295A}.Debug|Any CPU.Build.0 = Debug|Any CPU
		{745E84B7-A550-49EC-8162-F56B1756295A}.Release|Any CPU.ActiveCfg = Release|Any CPU
		{745E84B7-A550-49EC-8162-F56B1756295A}.Release|Any CPU.Build.0 = Release|Any CPU
		{3A1CF164-BF5C-4654-AEA0-411252856FAC}.Debug|Any CPU.ActiveCfg = Debug|Any CPU
		{3A1CF164-BF5C-4654-AEA0-411252856FAC}.Debug|Any CPU.Build.0 = Debug|Any CPU
		{3A1CF164-BF5C-4654-AEA0-411252856FAC}.Release|Any CPU.ActiveCfg = Release|Any CPU
		{3A1CF164-BF5C-4654-AEA0-411252856FAC}.Release|Any CPU.Build.0 = Release|Any CPU
		{7EC28BFF-18D6-47E8-8E8E-95D7D8FCB15F}.Debug|Any CPU.ActiveCfg = Debug|Any CPU
		{7EC28BFF-18D6-47E8-8E8E-95D7D8FCB15F}.Debug|Any CPU.Build.0 = Debug|Any CPU
		{7EC28BFF-18D6-47E8-8E8E-95D7D8FCB15F}.Release|Any CPU.ActiveCfg = Release|Any CPU
		{7EC28BFF-18D6-47E8-8E8E-95D7D8FCB15F}.Release|Any CPU.Build.0 = Release|Any CPU
		{602ED95F-04A7-4F3F-8201-27F8D9DBABD6}.Debug|Any CPU.ActiveCfg = Debug|Any CPU
		{602ED95F-04A7-4F3F-8201-27F8D9DBABD6}.Debug|Any CPU.Build.0 = Debug|Any CPU
		{602ED95F-04A7-4F3F-8201-27F8D9DBABD6}.Release|Any CPU.ActiveCfg = Release|Any CPU
		{602ED95F-04A7-4F3F-8201-27F8D9DBABD6}.Release|Any CPU.Build.0 = Release|Any CPU
		{6D4FE0FF-6934-4E85-BFB9-3750E516DF31}.Debug|Any CPU.ActiveCfg = Debug|Any CPU
		{6D4FE0FF-6934-4E85-BFB9-3750E516DF31}.Debug|Any CPU.Build.0 = Debug|Any CPU
		{6D4FE0FF-6934-4E85-BFB9-3750E516DF31}.Release|Any CPU.ActiveCfg = Release|Any CPU
		{6D4FE0FF-6934-4E85-BFB9-3750E516DF31}.Release|Any CPU.Build.0 = Release|Any CPU
		{00D95031-EFDD-4F08-8469-5C56D83D409A}.Debug|Any CPU.ActiveCfg = Debug|Any CPU
		{00D95031-EFDD-4F08-8469-5C56D83D409A}.Debug|Any CPU.Build.0 = Debug|Any CPU
		{00D95031-EFDD-4F08-8469-5C56D83D409A}.Release|Any CPU.ActiveCfg = Release|Any CPU
		{00D95031-EFDD-4F08-8469-5C56D83D409A}.Release|Any CPU.Build.0 = Release|Any CPU
		{D5AD0446-4721-4506-9D2E-000237B79C7A}.Debug|Any CPU.ActiveCfg = Debug|Any CPU
		{D5AD0446-4721-4506-9D2E-000237B79C7A}.Debug|Any CPU.Build.0 = Debug|Any CPU
		{D5AD0446-4721-4506-9D2E-000237B79C7A}.Release|Any CPU.ActiveCfg = Release|Any CPU
		{D5AD0446-4721-4506-9D2E-000237B79C7A}.Release|Any CPU.Build.0 = Release|Any CPU
		{A4F5155A-6C65-4F49-BA7F-DAD4265BBE61}.Debug|Any CPU.ActiveCfg = Debug|Any CPU
		{A4F5155A-6C65-4F49-BA7F-DAD4265BBE61}.Debug|Any CPU.Build.0 = Debug|Any CPU
		{A4F5155A-6C65-4F49-BA7F-DAD4265BBE61}.Release|Any CPU.ActiveCfg = Release|Any CPU
		{A4F5155A-6C65-4F49-BA7F-DAD4265BBE61}.Release|Any CPU.Build.0 = Release|Any CPU
		{3515369C-C805-42F7-A839-75A6F8901D7C}.Debug|Any CPU.ActiveCfg = Debug|Any CPU
		{3515369C-C805-42F7-A839-75A6F8901D7C}.Debug|Any CPU.Build.0 = Debug|Any CPU
		{3515369C-C805-42F7-A839-75A6F8901D7C}.Release|Any CPU.ActiveCfg = Release|Any CPU
		{3515369C-C805-42F7-A839-75A6F8901D7C}.Release|Any CPU.Build.0 = Release|Any CPU
		{3379D600-666C-4169-85E4-B62982582B53}.Debug|Any CPU.ActiveCfg = Debug|Any CPU
		{3379D600-666C-4169-85E4-B62982582B53}.Debug|Any CPU.Build.0 = Debug|Any CPU
		{3379D600-666C-4169-85E4-B62982582B53}.Release|Any CPU.ActiveCfg = Release|Any CPU
		{3379D600-666C-4169-85E4-B62982582B53}.Release|Any CPU.Build.0 = Release|Any CPU
		{6EF75471-464C-4FEC-A45E-B0AC0B304665}.Debug|Any CPU.ActiveCfg = Debug|Any CPU
		{6EF75471-464C-4FEC-A45E-B0AC0B304665}.Debug|Any CPU.Build.0 = Debug|Any CPU
		{6EF75471-464C-4FEC-A45E-B0AC0B304665}.Release|Any CPU.ActiveCfg = Release|Any CPU
		{6EF75471-464C-4FEC-A45E-B0AC0B304665}.Release|Any CPU.Build.0 = Release|Any CPU
		{1AA95A1C-5955-4A73-AAF3-C4E7BE5F5EE6}.Debug|Any CPU.ActiveCfg = Debug|Any CPU
		{1AA95A1C-5955-4A73-AAF3-C4E7BE5F5EE6}.Debug|Any CPU.Build.0 = Debug|Any CPU
		{1AA95A1C-5955-4A73-AAF3-C4E7BE5F5EE6}.Release|Any CPU.ActiveCfg = Release|Any CPU
		{1AA95A1C-5955-4A73-AAF3-C4E7BE5F5EE6}.Release|Any CPU.Build.0 = Release|Any CPU
		{536445FC-5D14-4BCD-96DC-68A160ED2F3B}.Debug|Any CPU.ActiveCfg = Debug|Any CPU
		{536445FC-5D14-4BCD-96DC-68A160ED2F3B}.Debug|Any CPU.Build.0 = Debug|Any CPU
		{536445FC-5D14-4BCD-96DC-68A160ED2F3B}.Release|Any CPU.ActiveCfg = Release|Any CPU
		{536445FC-5D14-4BCD-96DC-68A160ED2F3B}.Release|Any CPU.Build.0 = Release|Any CPU
		{273CB926-996D-46EC-8A26-24A4171BAA2F}.Debug|Any CPU.ActiveCfg = Debug|Any CPU
		{273CB926-996D-46EC-8A26-24A4171BAA2F}.Debug|Any CPU.Build.0 = Debug|Any CPU
		{273CB926-996D-46EC-8A26-24A4171BAA2F}.Release|Any CPU.ActiveCfg = Release|Any CPU
		{273CB926-996D-46EC-8A26-24A4171BAA2F}.Release|Any CPU.Build.0 = Release|Any CPU
		{86FE3969-6C1B-412A-A767-7A01DE160315}.Debug|Any CPU.ActiveCfg = Debug|Any CPU
		{86FE3969-6C1B-412A-A767-7A01DE160315}.Debug|Any CPU.Build.0 = Debug|Any CPU
		{86FE3969-6C1B-412A-A767-7A01DE160315}.Release|Any CPU.ActiveCfg = Release|Any CPU
		{86FE3969-6C1B-412A-A767-7A01DE160315}.Release|Any CPU.Build.0 = Release|Any CPU
		{F15F74CD-5972-4FE0-B2A1-E125D6BD3582}.Debug|Any CPU.ActiveCfg = Debug|Any CPU
		{F15F74CD-5972-4FE0-B2A1-E125D6BD3582}.Debug|Any CPU.Build.0 = Debug|Any CPU
		{F15F74CD-5972-4FE0-B2A1-E125D6BD3582}.Release|Any CPU.ActiveCfg = Release|Any CPU
		{F15F74CD-5972-4FE0-B2A1-E125D6BD3582}.Release|Any CPU.Build.0 = Release|Any CPU
		{4FA156B1-B75D-481A-9A27-8A646783626E}.Debug|Any CPU.ActiveCfg = Debug|Any CPU
		{4FA156B1-B75D-481A-9A27-8A646783626E}.Debug|Any CPU.Build.0 = Debug|Any CPU
		{4FA156B1-B75D-481A-9A27-8A646783626E}.Release|Any CPU.ActiveCfg = Release|Any CPU
		{4FA156B1-B75D-481A-9A27-8A646783626E}.Release|Any CPU.Build.0 = Release|Any CPU
		{863F7AB0-9672-4A80-8AF9-DF9BDD0223A3}.Debug|Any CPU.ActiveCfg = Debug|Any CPU
		{863F7AB0-9672-4A80-8AF9-DF9BDD0223A3}.Debug|Any CPU.Build.0 = Debug|Any CPU
		{863F7AB0-9672-4A80-8AF9-DF9BDD0223A3}.Release|Any CPU.ActiveCfg = Release|Any CPU
		{863F7AB0-9672-4A80-8AF9-DF9BDD0223A3}.Release|Any CPU.Build.0 = Release|Any CPU
		{80D007F7-C81B-405D-81EC-E06B324BC7E2}.Debug|Any CPU.ActiveCfg = Debug|Any CPU
		{80D007F7-C81B-405D-81EC-E06B324BC7E2}.Debug|Any CPU.Build.0 = Debug|Any CPU
		{80D007F7-C81B-405D-81EC-E06B324BC7E2}.Release|Any CPU.ActiveCfg = Release|Any CPU
		{80D007F7-C81B-405D-81EC-E06B324BC7E2}.Release|Any CPU.Build.0 = Release|Any CPU
		{D6FD2B6F-31D2-48D1-85EF-F84B6F652DD8}.Debug|Any CPU.ActiveCfg = Debug|Any CPU
		{D6FD2B6F-31D2-48D1-85EF-F84B6F652DD8}.Debug|Any CPU.Build.0 = Debug|Any CPU
		{D6FD2B6F-31D2-48D1-85EF-F84B6F652DD8}.Release|Any CPU.ActiveCfg = Release|Any CPU
		{D6FD2B6F-31D2-48D1-85EF-F84B6F652DD8}.Release|Any CPU.Build.0 = Release|Any CPU
		{BEA10FC4-1DC6-439E-84B3-DA9183997CC6}.Debug|Any CPU.ActiveCfg = Debug|Any CPU
		{BEA10FC4-1DC6-439E-84B3-DA9183997CC6}.Debug|Any CPU.Build.0 = Debug|Any CPU
		{BEA10FC4-1DC6-439E-84B3-DA9183997CC6}.Release|Any CPU.ActiveCfg = Release|Any CPU
		{BEA10FC4-1DC6-439E-84B3-DA9183997CC6}.Release|Any CPU.Build.0 = Release|Any CPU
		{ADA644A3-415D-49D7-A013-77C06FB161FF}.Debug|Any CPU.ActiveCfg = Debug|Any CPU
		{ADA644A3-415D-49D7-A013-77C06FB161FF}.Debug|Any CPU.Build.0 = Debug|Any CPU
		{ADA644A3-415D-49D7-A013-77C06FB161FF}.Release|Any CPU.ActiveCfg = Release|Any CPU
		{ADA644A3-415D-49D7-A013-77C06FB161FF}.Release|Any CPU.Build.0 = Release|Any CPU
		{3C6E0505-3B93-49FD-87EE-0D72183F4DBA}.Debug|Any CPU.ActiveCfg = Debug|Any CPU
		{3C6E0505-3B93-49FD-87EE-0D72183F4DBA}.Debug|Any CPU.Build.0 = Debug|Any CPU
		{3C6E0505-3B93-49FD-87EE-0D72183F4DBA}.Release|Any CPU.ActiveCfg = Release|Any CPU
		{3C6E0505-3B93-49FD-87EE-0D72183F4DBA}.Release|Any CPU.Build.0 = Release|Any CPU
		{8873A779-1E6C-4434-8CA5-913BB551DCFB}.Debug|Any CPU.ActiveCfg = Debug|Any CPU
		{8873A779-1E6C-4434-8CA5-913BB551DCFB}.Debug|Any CPU.Build.0 = Debug|Any CPU
		{8873A779-1E6C-4434-8CA5-913BB551DCFB}.Release|Any CPU.ActiveCfg = Release|Any CPU
		{8873A779-1E6C-4434-8CA5-913BB551DCFB}.Release|Any CPU.Build.0 = Release|Any CPU
		{5C063ED4-C177-49E1-8B7C-AF7CAC262B36}.Debug|Any CPU.ActiveCfg = Debug|Any CPU
		{5C063ED4-C177-49E1-8B7C-AF7CAC262B36}.Debug|Any CPU.Build.0 = Debug|Any CPU
		{5C063ED4-C177-49E1-8B7C-AF7CAC262B36}.Release|Any CPU.ActiveCfg = Release|Any CPU
		{5C063ED4-C177-49E1-8B7C-AF7CAC262B36}.Release|Any CPU.Build.0 = Release|Any CPU
		{81C7F66B-80AF-462A-9C08-BBA984B5DF18}.Debug|Any CPU.ActiveCfg = Debug|Any CPU
		{81C7F66B-80AF-462A-9C08-BBA984B5DF18}.Debug|Any CPU.Build.0 = Debug|Any CPU
		{81C7F66B-80AF-462A-9C08-BBA984B5DF18}.Release|Any CPU.ActiveCfg = Release|Any CPU
		{81C7F66B-80AF-462A-9C08-BBA984B5DF18}.Release|Any CPU.Build.0 = Release|Any CPU
		{20D09F05-AF81-4E42-871B-C78AE5450356}.Debug|Any CPU.ActiveCfg = Debug|Any CPU
		{20D09F05-AF81-4E42-871B-C78AE5450356}.Debug|Any CPU.Build.0 = Debug|Any CPU
		{20D09F05-AF81-4E42-871B-C78AE5450356}.Release|Any CPU.ActiveCfg = Release|Any CPU
		{20D09F05-AF81-4E42-871B-C78AE5450356}.Release|Any CPU.Build.0 = Release|Any CPU
		{1887CA97-56AD-48AC-B7C3-EBB2368DE149}.Debug|Any CPU.ActiveCfg = Debug|Any CPU
		{1887CA97-56AD-48AC-B7C3-EBB2368DE149}.Debug|Any CPU.Build.0 = Debug|Any CPU
		{1887CA97-56AD-48AC-B7C3-EBB2368DE149}.Release|Any CPU.ActiveCfg = Release|Any CPU
		{1887CA97-56AD-48AC-B7C3-EBB2368DE149}.Release|Any CPU.Build.0 = Release|Any CPU
		{D17E76B1-3DE0-46ED-8C5B-B887FB36896C}.Debug|Any CPU.ActiveCfg = Debug|Any CPU
		{D17E76B1-3DE0-46ED-8C5B-B887FB36896C}.Debug|Any CPU.Build.0 = Debug|Any CPU
		{D17E76B1-3DE0-46ED-8C5B-B887FB36896C}.Release|Any CPU.ActiveCfg = Release|Any CPU
		{D17E76B1-3DE0-46ED-8C5B-B887FB36896C}.Release|Any CPU.Build.0 = Release|Any CPU
		{23357580-D657-44A5-AE25-C385EAA2AFCB}.Debug|Any CPU.ActiveCfg = Debug|Any CPU
		{23357580-D657-44A5-AE25-C385EAA2AFCB}.Debug|Any CPU.Build.0 = Debug|Any CPU
		{23357580-D657-44A5-AE25-C385EAA2AFCB}.Release|Any CPU.ActiveCfg = Release|Any CPU
		{23357580-D657-44A5-AE25-C385EAA2AFCB}.Release|Any CPU.Build.0 = Release|Any CPU
		{B25178D8-775E-4B80-9B88-A76347429B83}.Debug|Any CPU.ActiveCfg = Debug|Any CPU
		{B25178D8-775E-4B80-9B88-A76347429B83}.Debug|Any CPU.Build.0 = Debug|Any CPU
		{B25178D8-775E-4B80-9B88-A76347429B83}.Release|Any CPU.ActiveCfg = Release|Any CPU
		{B25178D8-775E-4B80-9B88-A76347429B83}.Release|Any CPU.Build.0 = Release|Any CPU
		{2349A031-FF35-4AC5-B2DD-96F24233591B}.Debug|Any CPU.ActiveCfg = Debug|Any CPU
		{2349A031-FF35-4AC5-B2DD-96F24233591B}.Debug|Any CPU.Build.0 = Debug|Any CPU
		{2349A031-FF35-4AC5-B2DD-96F24233591B}.Release|Any CPU.ActiveCfg = Release|Any CPU
		{2349A031-FF35-4AC5-B2DD-96F24233591B}.Release|Any CPU.Build.0 = Release|Any CPU
		{B8C683F7-210A-4CAD-A020-46B8399BC938}.Debug|Any CPU.ActiveCfg = Debug|Any CPU
		{B8C683F7-210A-4CAD-A020-46B8399BC938}.Debug|Any CPU.Build.0 = Debug|Any CPU
		{B8C683F7-210A-4CAD-A020-46B8399BC938}.Release|Any CPU.ActiveCfg = Release|Any CPU
		{B8C683F7-210A-4CAD-A020-46B8399BC938}.Release|Any CPU.Build.0 = Release|Any CPU
		{B9D0E331-9352-4406-9314-741BAC72C769}.Debug|Any CPU.ActiveCfg = Debug|Any CPU
		{B9D0E331-9352-4406-9314-741BAC72C769}.Debug|Any CPU.Build.0 = Debug|Any CPU
		{B9D0E331-9352-4406-9314-741BAC72C769}.Release|Any CPU.ActiveCfg = Release|Any CPU
		{B9D0E331-9352-4406-9314-741BAC72C769}.Release|Any CPU.Build.0 = Release|Any CPU
		{7DC141A9-67AF-483B-8EFB-577CA4016212}.Debug|Any CPU.ActiveCfg = Debug|Any CPU
		{7DC141A9-67AF-483B-8EFB-577CA4016212}.Debug|Any CPU.Build.0 = Debug|Any CPU
		{7DC141A9-67AF-483B-8EFB-577CA4016212}.Release|Any CPU.ActiveCfg = Release|Any CPU
		{7DC141A9-67AF-483B-8EFB-577CA4016212}.Release|Any CPU.Build.0 = Release|Any CPU
		{4AD2EEC2-1C6A-44A2-9BBA-D8B5B3157F98}.Debug|Any CPU.ActiveCfg = Debug|Any CPU
		{4AD2EEC2-1C6A-44A2-9BBA-D8B5B3157F98}.Debug|Any CPU.Build.0 = Debug|Any CPU
		{4AD2EEC2-1C6A-44A2-9BBA-D8B5B3157F98}.Release|Any CPU.ActiveCfg = Release|Any CPU
		{4AD2EEC2-1C6A-44A2-9BBA-D8B5B3157F98}.Release|Any CPU.Build.0 = Release|Any CPU
	EndGlobalSection
	GlobalSection(SolutionProperties) = preSolution
		HideSolutionNode = FALSE
	EndGlobalSection
	GlobalSection(NestedProjects) = preSolution
		{B21D8CDC-6D97-47BF-9E1F-18AC75A5A0A1} = {DF5A0EB6-C6CC-4C6B-B854-737766CA7546}
		{C0002EA5-EE10-4BA2-81AB-EA6948EA7464} = {B21D8CDC-6D97-47BF-9E1F-18AC75A5A0A1}
		{8BED9989-2ADC-485A-B817-5A066FBB40F9} = {AA5873F6-BAB9-4D74-9BDE-2877A812787F}
		{745E84B7-A550-49EC-8162-F56B1756295A} = {8BED9989-2ADC-485A-B817-5A066FBB40F9}
		{8A042D7B-1B25-4C13-BF2D-676088B30421} = {AA5873F6-BAB9-4D74-9BDE-2877A812787F}
		{3A1CF164-BF5C-4654-AEA0-411252856FAC} = {8A042D7B-1B25-4C13-BF2D-676088B30421}
		{0FAE2C1A-0B5A-4C0D-9691-6AB99155E424} = {AA5873F6-BAB9-4D74-9BDE-2877A812787F}
		{7EC28BFF-18D6-47E8-8E8E-95D7D8FCB15F} = {0FAE2C1A-0B5A-4C0D-9691-6AB99155E424}
		{C6257CB8-749A-4792-9134-E8B1D63F0670} = {A5A7C278-8BC3-48AC-8139-B6947D4B1A8C}
		{602ED95F-04A7-4F3F-8201-27F8D9DBABD6} = {C6257CB8-749A-4792-9134-E8B1D63F0670}
		{6D4FE0FF-6934-4E85-BFB9-3750E516DF31} = {B27901DF-2938-4F1F-98A2-13F24885F035}
		{B27901DF-2938-4F1F-98A2-13F24885F035} = {A5A7C278-8BC3-48AC-8139-B6947D4B1A8C}
		{ADB09046-FD7C-4F71-B0B8-193ED1541935} = {A5A7C278-8BC3-48AC-8139-B6947D4B1A8C}
		{00D95031-EFDD-4F08-8469-5C56D83D409A} = {ADB09046-FD7C-4F71-B0B8-193ED1541935}
		{2B4F215A-1B43-4017-875A-8D28062936DD} = {A5A7C278-8BC3-48AC-8139-B6947D4B1A8C}
		{D5AD0446-4721-4506-9D2E-000237B79C7A} = {2B4F215A-1B43-4017-875A-8D28062936DD}
		{2E0FAE19-614F-445E-944E-311D13F22396} = {C1A2C310-CCFD-4182-8B89-6F7C88D9B95D}
		{A4F5155A-6C65-4F49-BA7F-DAD4265BBE61} = {2E0FAE19-614F-445E-944E-311D13F22396}
		{F6C9141F-4709-41CE-B78E-1492A2B36594} = {C1A2C310-CCFD-4182-8B89-6F7C88D9B95D}
		{3515369C-C805-42F7-A839-75A6F8901D7C} = {F6C9141F-4709-41CE-B78E-1492A2B36594}
		{95938921-2D1C-44B8-ADBF-11E74A279C3B} = {C1A2C310-CCFD-4182-8B89-6F7C88D9B95D}
		{3379D600-666C-4169-85E4-B62982582B53} = {95938921-2D1C-44B8-ADBF-11E74A279C3B}
		{6EF75471-464C-4FEC-A45E-B0AC0B304665} = {51CE3210-6E01-4C86-B17F-0A08183BC4FE}
		{1AA95A1C-5955-4A73-AAF3-C4E7BE5F5EE6} = {95938921-2D1C-44B8-ADBF-11E74A279C3B}
		{A70BEBDE-9A35-495B-B04E-FEE5B3FDFF7D} = {C1A2C310-CCFD-4182-8B89-6F7C88D9B95D}
		{536445FC-5D14-4BCD-96DC-68A160ED2F3B} = {A70BEBDE-9A35-495B-B04E-FEE5B3FDFF7D}
		{96FF3818-82DD-48E7-9E72-1EFC2F695A1E} = {C1A2C310-CCFD-4182-8B89-6F7C88D9B95D}
		{273CB926-996D-46EC-8A26-24A4171BAA2F} = {96FF3818-82DD-48E7-9E72-1EFC2F695A1E}
		{86FE3969-6C1B-412A-A767-7A01DE160315} = {51CE3210-6E01-4C86-B17F-0A08183BC4FE}
		{E18BF234-4813-4A7B-9685-796773CE9ED8} = {E6A7ADB2-1570-4657-9F2A-7D44FFAA53B8}
		{F15F74CD-5972-4FE0-B2A1-E125D6BD3582} = {E18BF234-4813-4A7B-9685-796773CE9ED8}
		{513DBA7C-FE0F-4B76-8B4D-1B1CD5AA3CEC} = {E6A7ADB2-1570-4657-9F2A-7D44FFAA53B8}
		{4FA156B1-B75D-481A-9A27-8A646783626E} = {513DBA7C-FE0F-4B76-8B4D-1B1CD5AA3CEC}
		{9118D9E0-903D-4C37-8BDD-E42825E2FC17} = {E6A7ADB2-1570-4657-9F2A-7D44FFAA53B8}
		{863F7AB0-9672-4A80-8AF9-DF9BDD0223A3} = {513DBA7C-FE0F-4B76-8B4D-1B1CD5AA3CEC}
		{80D007F7-C81B-405D-81EC-E06B324BC7E2} = {9118D9E0-903D-4C37-8BDD-E42825E2FC17}
		{D6FD2B6F-31D2-48D1-85EF-F84B6F652DD8} = {9118D9E0-903D-4C37-8BDD-E42825E2FC17}
		{BEA10FC4-1DC6-439E-84B3-DA9183997CC6} = {9118D9E0-903D-4C37-8BDD-E42825E2FC17}
		{ADA644A3-415D-49D7-A013-77C06FB161FF} = {9118D9E0-903D-4C37-8BDD-E42825E2FC17}
		{3C3BFA72-3293-4491-B8E0-DDC1F9FED251} = {E6A7ADB2-1570-4657-9F2A-7D44FFAA53B8}
		{3C6E0505-3B93-49FD-87EE-0D72183F4DBA} = {3C3BFA72-3293-4491-B8E0-DDC1F9FED251}
		{A5C9931A-0452-4E8E-9678-0258F0E50480} = {122196F7-B99F-44C2-9AD2-135616E44680}
		{8873A779-1E6C-4434-8CA5-913BB551DCFB} = {A5C9931A-0452-4E8E-9678-0258F0E50480}
		{2ED3F0A4-91FF-45B4-B4FE-A8EB645981B3} = {122196F7-B99F-44C2-9AD2-135616E44680}
		{5C063ED4-C177-49E1-8B7C-AF7CAC262B36} = {2ED3F0A4-91FF-45B4-B4FE-A8EB645981B3}
		{BCC26C98-B5EA-4D2A-8823-563E2BBD5A1B} = {122196F7-B99F-44C2-9AD2-135616E44680}
		{81C7F66B-80AF-462A-9C08-BBA984B5DF18} = {BCC26C98-B5EA-4D2A-8823-563E2BBD5A1B}
		{20D09F05-AF81-4E42-871B-C78AE5450356} = {BCC26C98-B5EA-4D2A-8823-563E2BBD5A1B}
		{1887CA97-56AD-48AC-B7C3-EBB2368DE149} = {BCC26C98-B5EA-4D2A-8823-563E2BBD5A1B}
		{D17E76B1-3DE0-46ED-8C5B-B887FB36896C} = {BCC26C98-B5EA-4D2A-8823-563E2BBD5A1B}
		{38CBE60F-AB03-4F0D-B30D-9ACEE3E16371} = {122196F7-B99F-44C2-9AD2-135616E44680}
		{23357580-D657-44A5-AE25-C385EAA2AFCB} = {38CBE60F-AB03-4F0D-B30D-9ACEE3E16371}
		{D80EADFA-EF47-42FB-A534-2062ACB50C87} = {122196F7-B99F-44C2-9AD2-135616E44680}
		{B25178D8-775E-4B80-9B88-A76347429B83} = {D80EADFA-EF47-42FB-A534-2062ACB50C87}
		{1890F332-1898-469A-8661-725F00ECED9A} = {006CEE02-F3F0-4D88-B67C-CFA4E06A42FF}
		{2349A031-FF35-4AC5-B2DD-96F24233591B} = {1890F332-1898-469A-8661-725F00ECED9A}
		{B8C683F7-210A-4CAD-A020-46B8399BC938} = {8A042D7B-1B25-4C13-BF2D-676088B30421}
		{0F59B683-22F3-464F-984A-B81B0AC5CCD7} = {9118D9E0-903D-4C37-8BDD-E42825E2FC17}
		{B9D0E331-9352-4406-9314-741BAC72C769} = {0F59B683-22F3-464F-984A-B81B0AC5CCD7}
		{7DC141A9-67AF-483B-8EFB-577CA4016212} = {8A042D7B-1B25-4C13-BF2D-676088B30421}
		{4AD2EEC2-1C6A-44A2-9BBA-D8B5B3157F98} = {8A042D7B-1B25-4C13-BF2D-676088B30421}
	EndGlobalSection
	GlobalSection(ExtensibilityGlobals) = postSolution
		SolutionGuid = {76DF65D4-841E-4FE1-AA2B-B2D41BA4AE2F}
	EndGlobalSection
EndGlobal
